
Microsoft Visual Studio Solution File, Format Version 12.00
# Visual Studio Version 17
VisualStudioVersion = 17.4.33213.308
MinimumVisualStudioVersion = 10.0.40219.1
Project("{FAE04EC0-301F-11D3-BF4B-00C04F79EFBC}") = "Week15OOPandFiles", "Week15OOPandFiles\Week15OOPandFiles.csproj", "{DA465088-8583-4AC4-8794-06BF528A6D95}"
EndProject
Global
	GlobalSection(SolutionConfigurationPlatforms) = preSolution
		Debug|Any CPU = Debug|Any CPU
		Release|Any CPU = Release|Any CPU
	EndGlobalSection
	GlobalSection(ProjectConfigurationPlatforms) = postSolution
		{DA465088-8583-4AC4-8794-06BF528A6D95}.Debug|Any CPU.ActiveCfg = Debug|Any CPU
		{DA465088-8583-4AC4-8794-06BF528A6D95}.Debug|Any CPU.Build.0 = Debug|Any CPU
		{DA465088-8583-4AC4-8794-06BF528A6D95}.Release|Any CPU.ActiveCfg = Release|Any CPU
		{DA465088-8583-4AC4-8794-06BF528A6D95}.Release|Any CPU.Build.0 = Release|Any CPU
	EndGlobalSection
	GlobalSection(SolutionProperties) = preSolution
		HideSolutionNode = FALSE
	EndGlobalSection
	GlobalSection(ExtensibilityGlobals) = postSolution
		SolutionGuid = {3224A3DF-652A-4F2B-BAD5-4B3D83C32EFF}
	EndGlobalSection
EndGlobal
